
Microsoft Visual Studio Solution File, Format Version 12.00
# Visual Studio Version 17
VisualStudioVersion = 17.6.33815.320
MinimumVisualStudioVersion = 10.0.40219.1
Project("{FAE04EC0-301F-11D3-BF4B-00C04F79EFBC}") = "Publisher", "Publisher\Publisher.csproj", "{C8AB2C1C-A1C3-4944-BA82-780B783F6AB2}"
EndProject
Project("{FAE04EC0-301F-11D3-BF4B-00C04F79EFBC}") = "Consumer", "Consumer\Consumer.csproj", "{0D3D9715-11F7-4A23-B526-73EFF05F28E5}"
EndProject
Global
	GlobalSection(SolutionConfigurationPlatforms) = preSolution
		Debug|Any CPU = Debug|Any CPU
		Release|Any CPU = Release|Any CPU
	EndGlobalSection
	GlobalSection(ProjectConfigurationPlatforms) = postSolution
		{C8AB2C1C-A1C3-4944-BA82-780B783F6AB2}.Debug|Any CPU.ActiveCfg = Debug|Any CPU
		{C8AB2C1C-A1C3-4944-BA82-780B783F6AB2}.Debug|Any CPU.Build.0 = Debug|Any CPU
		{C8AB2C1C-A1C3-4944-BA82-780B783F6AB2}.Release|Any CPU.ActiveCfg = Release|Any CPU
		{C8AB2C1C-A1C3-4944-BA82-780B783F6AB2}.Release|Any CPU.Build.0 = Release|Any CPU
		{0D3D9715-11F7-4A23-B526-73EFF05F28E5}.Debug|Any CPU.ActiveCfg = Debug|Any CPU
		{0D3D9715-11F7-4A23-B526-73EFF05F28E5}.Debug|Any CPU.Build.0 = Debug|Any CPU
		{0D3D9715-11F7-4A23-B526-73EFF05F28E5}.Release|Any CPU.ActiveCfg = Release|Any CPU
		{0D3D9715-11F7-4A23-B526-73EFF05F28E5}.Release|Any CPU.Build.0 = Release|Any CPU
	EndGlobalSection
	GlobalSection(SolutionProperties) = preSolution
		HideSolutionNode = FALSE
	EndGlobalSection
	GlobalSection(ExtensibilityGlobals) = postSolution
		SolutionGuid = {3A8B2961-C88A-4D8E-B2F0-58C051FB85B3}
	EndGlobalSection
EndGlobal
